{
  "requires": true,
  "lockfileVersion": 1,
  "dependencies": {
    "three-copyshader": {
      "version": "0.0.1",
      "resolved": "https://registry.npmjs.org/three-copyshader/-/three-copyshader-0.0.1.tgz",
      "integrity": "sha1-3fpsP1285ZYYfPv0zhtGx/vUVsA="
    },
    "three-effectcomposer": {
      "version": "0.0.1",
      "resolved": "https://registry.npmjs.org/three-effectcomposer/-/three-effectcomposer-0.0.1.tgz",
      "integrity": "sha1-CfQ4v8duUiqYXluIZ9a0B+3dHRI=",
      "requires": {
        "three-copyshader": "0.0.1"
      }
    },
    "three-orbit-controls": {
      "version": "82.1.0",
      "resolved": "https://registry.npmjs.org/three-orbit-controls/-/three-orbit-controls-82.1.0.tgz",
      "integrity": "sha1-EafzPQog7OyY8Jizd4D2U3N0+rQ="
    }
  }
}
